
Microsoft Visual Studio Solution File, Format Version 12.00
# Visual Studio Version 17
VisualStudioVersion = 17.6.33723.286
MinimumVisualStudioVersion = 10.0.40219.1
Project("{9A19103F-16F7-4668-BE54-9A1E7A4F7556}") = "Lab1", "Lab1.csproj", "{47439D9E-172D-43AD-94FB-4AECF2C63C5B}"
EndProject
Global
	GlobalSection(SolutionConfigurationPlatforms) = preSolution
		Debug|Any CPU = Debug|Any CPU
		Release|Any CPU = Release|Any CPU
	EndGlobalSection
	GlobalSection(ProjectConfigurationPlatforms) = postSolution
		{47439D9E-172D-43AD-94FB-4AECF2C63C5B}.Debug|Any CPU.ActiveCfg = Debug|Any CPU
		{47439D9E-172D-43AD-94FB-4AECF2C63C5B}.Debug|Any CPU.Build.0 = Debug|Any CPU
		{47439D9E-172D-43AD-94FB-4AECF2C63C5B}.Release|Any CPU.ActiveCfg = Release|Any CPU
		{47439D9E-172D-43AD-94FB-4AECF2C63C5B}.Release|Any CPU.Build.0 = Release|Any CPU
	EndGlobalSection
	GlobalSection(SolutionProperties) = preSolution
		HideSolutionNode = FALSE
	EndGlobalSection
	GlobalSection(ExtensibilityGlobals) = postSolution
		SolutionGuid = {F913EA41-8079-4324-837E-6B00934C02CE}
	EndGlobalSection
EndGlobal
